
Microsoft Visual Studio Solution File, Format Version 12.00
# Visual Studio 15
VisualStudioVersion = 15.0.27703.2026
MinimumVisualStudioVersion = 10.0.40219.1
Project("{FAE04EC0-301F-11D3-BF4B-00C04F79EFBC}") = "MonPremierDataContext", "MonPremierDataContext\MonPremierDataContext.csproj", "{B0D46440-22E3-4DC4-8F88-BC4187926DB8}"
EndProject
Global
	GlobalSection(SolutionConfigurationPlatforms) = preSolution
		Debug|Any CPU = Debug|Any CPU
		Release|Any CPU = Release|Any CPU
	EndGlobalSection
	GlobalSection(ProjectConfigurationPlatforms) = postSolution
		{B0D46440-22E3-4DC4-8F88-BC4187926DB8}.Debug|Any CPU.ActiveCfg = Debug|Any CPU
		{B0D46440-22E3-4DC4-8F88-BC4187926DB8}.Debug|Any CPU.Build.0 = Debug|Any CPU
		{B0D46440-22E3-4DC4-8F88-BC4187926DB8}.Release|Any CPU.ActiveCfg = Release|Any CPU
		{B0D46440-22E3-4DC4-8F88-BC4187926DB8}.Release|Any CPU.Build.0 = Release|Any CPU
	EndGlobalSection
	GlobalSection(SolutionProperties) = preSolution
		HideSolutionNode = FALSE
	EndGlobalSection
	GlobalSection(ExtensibilityGlobals) = postSolution
		SolutionGuid = {CA5BE09B-82A3-484B-82AB-94AA04B61843}
	EndGlobalSection
EndGlobal
